
Microsoft Visual Studio Solution File, Format Version 12.00
# Visual Studio Version 16
VisualStudioVersion = 16.0.34601.136
MinimumVisualStudioVersion = 10.0.40219.1
Project("{FAE04EC0-301F-11D3-BF4B-00C04F79EFBC}") = "Web Application Activities", "Web Application Activities\Web Application Activities.csproj", "{C809AAAC-9053-438D-B29F-1639026405C8}"
EndProject
Global
	GlobalSection(SolutionConfigurationPlatforms) = preSolution
		Debug|Any CPU = Debug|Any CPU
		Release|Any CPU = Release|Any CPU
	EndGlobalSection
	GlobalSection(ProjectConfigurationPlatforms) = postSolution
		{C809AAAC-9053-438D-B29F-1639026405C8}.Debug|Any CPU.ActiveCfg = Debug|Any CPU
		{C809AAAC-9053-438D-B29F-1639026405C8}.Debug|Any CPU.Build.0 = Debug|Any CPU
		{C809AAAC-9053-438D-B29F-1639026405C8}.Release|Any CPU.ActiveCfg = Release|Any CPU
		{C809AAAC-9053-438D-B29F-1639026405C8}.Release|Any CPU.Build.0 = Release|Any CPU
	EndGlobalSection
	GlobalSection(SolutionProperties) = preSolution
		HideSolutionNode = FALSE
	EndGlobalSection
	GlobalSection(ExtensibilityGlobals) = postSolution
		SolutionGuid = {4CE579DA-CC00-424D-80B0-5E2D4A3BD4E3}
	EndGlobalSection
EndGlobal
